{
  "name": "config",
  "lockfileVersion": 2,
  "requires": true,
  "packages": {
    "": {
      "dependencies": {
        "json2yaml": "^1.1.0"
      }
    },
    "node_modules/json2yaml": {
      "version": "1.1.0",
      "resolved": "https://registry.npmjs.org/json2yaml/-/json2yaml-1.1.0.tgz",
      "integrity": "sha512-/xse+m0SlllfZahQrNOelmLrFNfeZv4QG0QKlvg7VsPSGIxpB3X+ggLkdffwmI1DdQ3o9XjZX+K+EOI1epdKgg==",
      "dependencies": {
        "remedial": "1.x"
      },
      "bin": {
        "json2yaml": "cli.js",
        "json2yml": "cli.js",
        "jsontoyaml": "cli.js",
        "jsontoyml": "cli.js"
      },
      "engines": {
        "node": ">= 0.2.0"
      }
    },
    "node_modules/remedial": {
      "version": "1.0.8",
      "resolved": "https://registry.npmjs.org/remedial/-/remedial-1.0.8.tgz",
      "integrity": "sha512-/62tYiOe6DzS5BqVsNpH/nkGlX45C/Sp6V+NtiN6JQNS1Viay7cWkazmRkrQrdFj2eshDe96SIQNIoMxqhzBOg==",
      "engines": {
        "node": "*"
      }
    }
  },
  "dependencies": {
    "json2yaml": {
      "version": "1.1.0",
      "resolved": "https://registry.npmjs.org/json2yaml/-/json2yaml-1.1.0.tgz",
      "integrity": "sha512-/xse+m0SlllfZahQrNOelmLrFNfeZv4QG0QKlvg7VsPSGIxpB3X+ggLkdffwmI1DdQ3o9XjZX+K+EOI1epdKgg==",
      "requires": {
        "remedial": "1.x"
      }
    },
    "remedial": {
      "version": "1.0.8",
      "resolved": "https://registry.npmjs.org/remedial/-/remedial-1.0.8.tgz",
      "integrity": "sha512-/62tYiOe6DzS5BqVsNpH/nkGlX45C/Sp6V+NtiN6JQNS1Viay7cWkazmRkrQrdFj2eshDe96SIQNIoMxqhzBOg=="
    }
  }
}
